{
  "name": "ice_example",
  "lockfileVersion": 3,
  "requires": true,
  "packages": {
    "": {
      "name": "ice_example",
      "dependencies": {
        "@ice.ts/runner": "file:../../../runner",
        "@icp-sdk/core": "^4.0.4"
      },
      "engines": {
        "node": ">=16.0.0",
        "npm": ">=7.0.0"
      }
    },
    "../..": {
      "name": "@ice.ts/runner",
      "version": "0.0.7",
      "dependencies": {
        "@clack/core": "^0.5.0",
        "@clack/prompts": "^0.11.0",
        "@dfinity/didc": "^0.0.4",
        "@dfinity/pic": "^0.16.1",
        "@effect/experimental": "^0.54.6",
        "@effect/opentelemetry": "^0.56.2",
        "@effect/platform": "^0.90.3",
        "@effect/platform-browser": "^0.70.0",
        "@effect/platform-node": "^0.96.0",
        "@ice.ts/didc_js": "*",
        "@icp-sdk/core": "^4.0.4",
        "@inkjs/ui": "^2.0.0",
        "@noble/hashes": "^1.8.0",
        "@noble/secp256k1": "^2.2.3",
        "@opentelemetry/exporter-trace-otlp-http": "^0.203.0",
        "@opentelemetry/sdk-metrics": "^2.0.1",
        "@opentelemetry/sdk-trace-base": "^2.0.1",
        "@opentelemetry/sdk-trace-node": "^2.0.1",
        "@opentelemetry/sdk-trace-web": "^2.0.1",
        "@standard-schema/spec": "^1.0.0",
        "arktype": "^2.1.20",
        "citty": "^0.1.6",
        "cli-spinners": "^3.2.0",
        "clipanion": "^4.0.0-rc.4",
        "crc": "^4.3.2",
        "effect": "^3.17.7",
        "figures": "^6.1.0",
        "find-process": "^1.4.10",
        "handlebars": "^4.7.8",
        "handlebars-esm": "^1.0.0",
        "ink": "^5.1.0",
        "ink-form": "^2.0.1",
        "ink-task-list": "^2.0.0",
        "ink-use-stdout-dimensions": "^1.0.5",
        "js-sha256": "^0.11.0",
        "motoko": "^3.11.1",
        "mri": "^1.2.0",
        "pem": "^1.14.8",
        "picocolors": "^1.1.1",
        "ps-list": "^8.1.1",
        "sisteransi": "^1.0.5",
        "starkbank-ecdsa": "^1.1.5",
        "tsx": "^4.20.4"
      },
      "bin": {
        "ice": "bin/index.js"
      },
      "devDependencies": {
        "@ark/attest": "^0.48.2",
        "@effect/vitest": "^0.25.1",
        "@ice.ts/canisters": "*",
        "@types/express": "^5.0.3",
        "@types/node": "^24.3.0",
        "@vitest/coverage-v8": "^3.2.4",
        "@vitest/ui": "^3.2.4",
        "fast-check": "^4.2.0",
        "vite-plugin-wasm": "^3.4.1",
        "vitest": "^3.2.4"
      }
    },
    "node_modules/@dfinity/agent": {
      "version": "3.2.6",
      "resolved": "https://registry.npmjs.org/@dfinity/agent/-/agent-3.2.6.tgz",
      "integrity": "sha512-rJscQptoa43BxHgpeyy9qF6JbAXm4tn+IeNkUE9aMn60tfy1SGizMn6UQQOmw7jvl+LYDVA6w8ZA7c2br3cM+w==",
      "license": "Apache-2.0",
      "peer": true,
      "dependencies": {
        "@dfinity/cbor": "^0.2.2",
        "@noble/curves": "^1.9.2"
      },
      "peerDependencies": {
        "@dfinity/candid": "3.2.6",
        "@dfinity/principal": "3.2.6",
        "@noble/hashes": "^1.8.0"
      }
    },
    "node_modules/@dfinity/candid": {
      "version": "3.2.6",
      "resolved": "https://registry.npmjs.org/@dfinity/candid/-/candid-3.2.6.tgz",
      "integrity": "sha512-rh26bUluupegJNiDC6pJy0wyhkctPJSJ5ue4RxnodrbA6YMyQoj7m8Ic3Y81ah/fsSXOl9AIyyVh3kMqZb3lSw==",
      "license": "Apache-2.0",
      "peer": true,
      "peerDependencies": {
        "@dfinity/principal": "3.2.6"
      }
    },
    "node_modules/@dfinity/cbor": {
      "version": "0.2.2",
      "resolved": "https://registry.npmjs.org/@dfinity/cbor/-/cbor-0.2.2.tgz",
      "integrity": "sha512-GPJpH73kDEKbUBdUjY80lz7cq9l0vm1h/7ppejPV6O0ZTqCLrYspssYvqjRmK4aNnJ/SKXsP0rg9LYX7zpegaA==",
      "license": "Apache-2.0",
      "peer": true
    },
    "node_modules/@dfinity/identity": {
      "version": "3.2.6",
      "resolved": "https://registry.npmjs.org/@dfinity/identity/-/identity-3.2.6.tgz",
      "integrity": "sha512-18ecTwtz4Yv8coaNM4ooCzqlib9ooP20JFHJ2RVAtlWPaVcRC/4nzXTEJiUH+TytC7ZbBkuRYlJ/eLeIhyYqaA==",
      "license": "Apache-2.0",
      "peer": true,
      "peerDependencies": {
        "@dfinity/agent": "3.2.6",
        "@dfinity/candid": "3.2.6",
        "@dfinity/principal": "3.2.6",
        "@noble/curves": "^1.9.2",
        "@noble/hashes": "^1.8.0"
      }
    },
    "node_modules/@dfinity/identity-secp256k1": {
      "version": "3.2.6",
      "resolved": "https://registry.npmjs.org/@dfinity/identity-secp256k1/-/identity-secp256k1-3.2.6.tgz",
      "integrity": "sha512-J7vfbXXaNOlIOGl3LIBXktvXja0Eci+zzfQMXHrz7jYlujAp/Ca+Mr8NFOR2bU/T9I8Q3VaNlIF2aAB/JKd/DQ==",
      "license": "Apache-2.0",
      "peer": true,
      "dependencies": {
        "@dfinity/agent": "3.2.6",
        "@scure/bip32": "^1.7.0",
        "@scure/bip39": "^1.6.0",
        "asn1js": "^3.0.5"
      },
      "peerDependencies": {
        "@dfinity/candid": "3.2.6",
        "@noble/curves": "^1.9.2",
        "@noble/hashes": "^1.8.0"
      }
    },
    "node_modules/@dfinity/principal": {
      "version": "3.2.6",
      "resolved": "https://registry.npmjs.org/@dfinity/principal/-/principal-3.2.6.tgz",
      "integrity": "sha512-jxEmMwZe2k/XC0DEW1i7CVJ/vPzIKT0zvXeQIBuvkfEcqWSVRiScHlURwnYStQAE1RVP8glDEs6ioeZgmEmazA==",
      "license": "Apache-2.0",
      "peer": true,
      "dependencies": {
        "@noble/hashes": "^1.8.0"
      }
    },
    "node_modules/@ice.ts/runner": {
      "resolved": "../..",
      "link": true
    },
    "node_modules/@icp-sdk/core": {
      "version": "4.0.4",
      "resolved": "https://registry.npmjs.org/@icp-sdk/core/-/core-4.0.4.tgz",
      "integrity": "sha512-Dc2ZqP9bKDI0oD2CrsGh5dbslmzxVg70VojnTu041X1KKAme6uVkYII8tMs6CRNehw/tbH/G9g3I/ZP6Gm/Zew==",
      "license": "Apache-2.0",
      "peerDependencies": {
        "@dfinity/agent": "^3.2.6",
        "@dfinity/candid": "^3.2.6",
        "@dfinity/identity": "^3.2.6",
        "@dfinity/identity-secp256k1": "^3.2.6",
        "@dfinity/principal": "^3.2.6"
      }
    },
    "node_modules/@noble/curves": {
      "version": "1.9.7",
      "resolved": "https://registry.npmjs.org/@noble/curves/-/curves-1.9.7.tgz",
      "integrity": "sha512-gbKGcRUYIjA3/zCCNaWDciTMFI0dCkvou3TL8Zmy5Nc7sJ47a0jtOeZoTaMxkuqRo9cRhjOdZJXegxYE5FN/xw==",
      "license": "MIT",
      "peer": true,
      "dependencies": {
        "@noble/hashes": "1.8.0"
      },
      "engines": {
        "node": "^14.21.3 || >=16"
      },
      "funding": {
        "url": "https://paulmillr.com/funding/"
      }
    },
    "node_modules/@noble/hashes": {
      "version": "1.8.0",
      "resolved": "https://registry.npmjs.org/@noble/hashes/-/hashes-1.8.0.tgz",
      "integrity": "sha512-jCs9ldd7NwzpgXDIf6P3+NrHh9/sD6CQdxHyjQI+h/6rDNo88ypBxxz45UDuZHz9r3tNz7N/VInSVoVdtXEI4A==",
      "license": "MIT",
      "peer": true,
      "engines": {
        "node": "^14.21.3 || >=16"
      },
      "funding": {
        "url": "https://paulmillr.com/funding/"
      }
    },
    "node_modules/@scure/base": {
      "version": "1.2.6",
      "resolved": "https://registry.npmjs.org/@scure/base/-/base-1.2.6.tgz",
      "integrity": "sha512-g/nm5FgUa//MCj1gV09zTJTaM6KBAHqLN907YVQqf7zC49+DcO4B1so4ZX07Ef10Twr6nuqYEH9GEggFXA4Fmg==",
      "license": "MIT",
      "peer": true,
      "funding": {
        "url": "https://paulmillr.com/funding/"
      }
    },
    "node_modules/@scure/bip32": {
      "version": "1.7.0",
      "resolved": "https://registry.npmjs.org/@scure/bip32/-/bip32-1.7.0.tgz",
      "integrity": "sha512-E4FFX/N3f4B80AKWp5dP6ow+flD1LQZo/w8UnLGYZO674jS6YnYeepycOOksv+vLPSpgN35wgKgy+ybfTb2SMw==",
      "license": "MIT",
      "peer": true,
      "dependencies": {
        "@noble/curves": "~1.9.0",
        "@noble/hashes": "~1.8.0",
        "@scure/base": "~1.2.5"
      },
      "funding": {
        "url": "https://paulmillr.com/funding/"
      }
    },
    "node_modules/@scure/bip39": {
      "version": "1.6.0",
      "resolved": "https://registry.npmjs.org/@scure/bip39/-/bip39-1.6.0.tgz",
      "integrity": "sha512-+lF0BbLiJNwVlev4eKelw1WWLaiKXw7sSl8T6FvBlWkdX+94aGJ4o8XjUdlyhTCjd8c+B3KT3JfS8P0bLRNU6A==",
      "license": "MIT",
      "peer": true,
      "dependencies": {
        "@noble/hashes": "~1.8.0",
        "@scure/base": "~1.2.5"
      },
      "funding": {
        "url": "https://paulmillr.com/funding/"
      }
    },
    "node_modules/asn1js": {
      "version": "3.0.6",
      "resolved": "https://registry.npmjs.org/asn1js/-/asn1js-3.0.6.tgz",
      "integrity": "sha512-UOCGPYbl0tv8+006qks/dTgV9ajs97X2p0FAbyS2iyCRrmLSRolDaHdp+v/CLgnzHc3fVB+CwYiUmei7ndFcgA==",
      "license": "BSD-3-Clause",
      "peer": true,
      "dependencies": {
        "pvtsutils": "^1.3.6",
        "pvutils": "^1.1.3",
        "tslib": "^2.8.1"
      },
      "engines": {
        "node": ">=12.0.0"
      }
    },
    "node_modules/pvtsutils": {
      "version": "1.3.6",
      "resolved": "https://registry.npmjs.org/pvtsutils/-/pvtsutils-1.3.6.tgz",
      "integrity": "sha512-PLgQXQ6H2FWCaeRak8vvk1GW462lMxB5s3Jm673N82zI4vqtVUPuZdffdZbPDFRoU8kAhItWFtPCWiPpp4/EDg==",
      "license": "MIT",
      "peer": true,
      "dependencies": {
        "tslib": "^2.8.1"
      }
    },
    "node_modules/pvutils": {
      "version": "1.1.3",
      "resolved": "https://registry.npmjs.org/pvutils/-/pvutils-1.1.3.tgz",
      "integrity": "sha512-pMpnA0qRdFp32b1sJl1wOJNxZLQ2cbQx+k6tjNtZ8CpvVhNqEPRgivZ2WOUev2YMajecdH7ctUPDvEe87nariQ==",
      "license": "MIT",
      "peer": true,
      "engines": {
        "node": ">=6.0.0"
      }
    },
    "node_modules/tslib": {
      "version": "2.8.1",
      "resolved": "https://registry.npmjs.org/tslib/-/tslib-2.8.1.tgz",
      "integrity": "sha512-oJFu94HQb+KVduSUQL7wnpmqnfmLsOA/nAh6b6EH0wCEoK0/mPeXU6c3wKDV83MkOuHPRHtSXKKU99IBazS/2w==",
      "license": "0BSD",
      "peer": true
    }
  }
}
